<Solution>
  <Configurations>
    <BuildType Name="Debug" />
    <BuildType Name="Release" />
    <BuildType Name="ReleaseAndSave" />
    <Platform Name="x64" />
  </Configurations>
  <Project Path="UniverseLibErrorFix/UniverseLibErrorFix.csproj">
    <Platform Project="x64" />
  </Project>
</Solution>
